
Microsoft Visual Studio Solution File, Format Version 12.00
# Visual Studio Version 17
VisualStudioVersion = 17.9.34723.18
MinimumVisualStudioVersion = 10.0.40219.1
Project("{9A19103F-16F7-4668-BE54-9A1E7A4F7556}") = "UnitConverterDB", "UnitConverterDB\UnitConverterDB.csproj", "{BEDBF9A5-9806-4B52-AA95-1EB8E6FF62D1}"
EndProject
Global
	GlobalSection(SolutionConfigurationPlatforms) = preSolution
		Debug|Any CPU = Debug|Any CPU
		Release|Any CPU = Release|Any CPU
	EndGlobalSection
	GlobalSection(ProjectConfigurationPlatforms) = postSolution
		{BEDBF9A5-9806-4B52-AA95-1EB8E6FF62D1}.Debug|Any CPU.ActiveCfg = Debug|Any CPU
		{BEDBF9A5-9806-4B52-AA95-1EB8E6FF62D1}.Debug|Any CPU.Build.0 = Debug|Any CPU
		{BEDBF9A5-9806-4B52-AA95-1EB8E6FF62D1}.Release|Any CPU.ActiveCfg = Release|Any CPU
		{BEDBF9A5-9806-4B52-AA95-1EB8E6FF62D1}.Release|Any CPU.Build.0 = Release|Any CPU
	EndGlobalSection
	GlobalSection(SolutionProperties) = preSolution
		HideSolutionNode = FALSE
	EndGlobalSection
	GlobalSection(ExtensibilityGlobals) = postSolution
		SolutionGuid = {B32626DC-318B-41AC-8369-A2CBE6DB8EFE}
	EndGlobalSection
EndGlobal
